
Microsoft Visual Studio Solution File, Format Version 12.00
# Visual Studio Version 16
VisualStudioVersion = 16.0.30413.136
MinimumVisualStudioVersion = 10.0.40219.1
Project("{8BC9CEB8-8B4A-11D0-8D11-00A0C91BC942}") = "Net_2", "Net_2\Net_2.vcxproj", "{D12365B0-684A-4C33-8C93-C1060EA878E4}"
EndProject
Project("{8BC9CEB8-8B4A-11D0-8D11-00A0C91BC942}") = "Net_3", "Net_3\Net_3.vcxproj", "{C46CA00C-1160-43D3-B016-BF5C90E7E346}"
EndProject
Project("{8BC9CEB8-8B4A-11D0-8D11-00A0C91BC942}") = "Net_4_TCPServer", "Net_4_TCPServer\Net_4_TCPServer.vcxproj", "{D77BFF23-5B42-44C1-BF5B-BE70D410141D}"
EndProject
Project("{8BC9CEB8-8B4A-11D0-8D11-00A0C91BC942}") = "Net_4_TCPClient", "Net_4_TCPClient\Net_4_TCPClient.vcxproj", "{72140579-45ED-4F6A-AE7C-5C7D19C59693}"
EndProject
Project("{8BC9CEB8-8B4A-11D0-8D11-00A0C91BC942}") = "Net4-homework_3-6", "Net4-homework(no3_6)\Net4-homework(no3_6).vcxproj", "{3AFE909C-800C-46A6-B517-9C150F3BE874}"
EndProject
Project("{8BC9CEB8-8B4A-11D0-8D11-00A0C91BC942}") = "Net_5-3_TCPServer_FixedVariable", "Net_5-3_TCPServer_FixedVariable\Net_5-3_TCPServer_FixedVariable.vcxproj", "{84815EF4-5F42-44D5-BCD2-F10D3B0D6254}"
EndProject
Project("{8BC9CEB8-8B4A-11D0-8D11-00A0C91BC942}") = "Net_5-3_TCPClient_FixedVariable", "Net_5-3_TCPClient_FixedVariable\Net_5-3_TCPClient_FixedVariable.vcxproj", "{B2DC05DE-89AD-4C7D-B8D4-92FB20F2C60D}"
EndProject
Project("{8BC9CEB8-8B4A-11D0-8D11-00A0C91BC942}") = "Net_5-homework_TCPClient", "Net_5-homework_TCPClient\Net_5-homework_TCPClient.vcxproj", "{2AB96282-6D64-4E77-A1AA-99D2033CA860}"
EndProject
Project("{8BC9CEB8-8B4A-11D0-8D11-00A0C91BC942}") = "test", "test\test.vcxproj", "{EAAC0AB2-DA9B-49A1-B1E1-F0D4B4947C97}"
EndProject
Project("{8BC9CEB8-8B4A-11D0-8D11-00A0C91BC942}") = "Net_5-homework_TCPServer", "Net_5-homework_TCPServer\Net_5-homework_TCPServer.vcxproj", "{0CC17287-FC1E-4668-8413-475631E962B1}"
EndProject
Project("{8BC9CEB8-8B4A-11D0-8D11-00A0C91BC942}") = "Net_6-1_ExThread1", "Net_6-1_ExThread1\Net_6-1_ExThread1.vcxproj", "{9B0491ED-59E2-4A0D-8707-5587866589EC}"
EndProject
Project("{8BC9CEB8-8B4A-11D0-8D11-00A0C91BC942}") = "Net_6-2_ExThread2", "Net_6-2_ExThread2\Net_6-2_ExThread2.vcxproj", "{ED153CC9-56CF-410A-8B58-3DDC57CA3C95}"
EndProject
Project("{8BC9CEB8-8B4A-11D0-8D11-00A0C91BC942}") = "Net_6-3_ExThread3", "Net_6-3_ExThread3\Net_6-3_ExThread3.vcxproj", "{B9ED2822-DA5B-432B-AE16-8F8E51B6A697}"
EndProject
Project("{8BC9CEB8-8B4A-11D0-8D11-00A0C91BC942}") = "Net_6-4_MutithreadTCPServer", "Net_6-4_MutithreadTCPServer\Net_6-4_MutithreadTCPServer.vcxproj", "{81BA36A4-CCBE-4C11-8394-9BB196A89735}"
EndProject
Project("{8BC9CEB8-8B4A-11D0-8D11-00A0C91BC942}") = "Net_6-6_ExEvent", "Net_6-6_ExEvent\Net_6-6_ExEvent.vcxproj", "{F7F429D4-6C55-4616-9948-B143B8B7A627}"
EndProject
Project("{8BC9CEB8-8B4A-11D0-8D11-00A0C91BC942}") = "Net_6-homework_MutithreadTCPServer", "Net_6-homework_MutithreadTCPServer\Net_6-homework_MutithreadTCPServer.vcxproj", "{86D33926-E34C-4C3C-9FE1-541D42C0BA2B}"
EndProject
Project("{8BC9CEB8-8B4A-11D0-8D11-00A0C91BC942}") = "Net_7-1_UDPServer", "Net_7-1_UDPServer\Net_7-1_UDPServer.vcxproj", "{97BB7890-9227-4FD7-B7E8-70E7FFECC81D}"
EndProject
Project("{8BC9CEB8-8B4A-11D0-8D11-00A0C91BC942}") = "Net_7-1_UDPClient", "Net_7-1_UDPClient\Net_7-1_UDPClient.vcxproj", "{4C9001A7-2742-4B27-8777-7095EBEF6F09}"
EndProject
Project("{8BC9CEB8-8B4A-11D0-8D11-00A0C91BC942}") = "Net_7-3_BroadcastSender", "Net_7-3_BroadcastSender\Net_7-3_BroadcastSender.vcxproj", "{1CCFD144-3B65-40F0-AA95-89D751890288}"
EndProject
Project("{8BC9CEB8-8B4A-11D0-8D11-00A0C91BC942}") = "Net_7-3_BroadcastReceiver", "Net_7-3_BroadcastReceiver\Net_7-3_BroadcastReceiver.vcxproj", "{8BFE8AA8-4BEB-4CD3-B673-398A5C5EEE22}"
EndProject
Project("{8BC9CEB8-8B4A-11D0-8D11-00A0C91BC942}") = "Net_5-1_TCPServer_Fixed", "Net_5-1_TCPServer_Fixed\Net_5-1_TCPServer_Fixed.vcxproj", "{B08AC1A9-8647-4E38-A375-D46DAA307399}"
EndProject
Project("{8BC9CEB8-8B4A-11D0-8D11-00A0C91BC942}") = "Net_5-3_TCPClient_Fixed", "Net_5-3_TCPClient_Fixed\Net_5-3_TCPClient_Fixed.vcxproj", "{D44C340A-78B6-4039-8179-551C90597331}"
EndProject
Project("{8BC9CEB8-8B4A-11D0-8D11-00A0C91BC942}") = "Net_5-3_TCPServer_Variable", "Net_5-3_TCPServer_Variable\Net_5-3_TCPServer_Variable.vcxproj", "{FCD8412A-F8AE-48F5-B15A-68DDFD4C712D}"
EndProject
Project("{8BC9CEB8-8B4A-11D0-8D11-00A0C91BC942}") = "Net_5-3_TCPClient_Variable", "Net_5-3_TCPClient_Variable\Net_5-3_TCPClient_Variable.vcxproj", "{C84EC35E-B725-4B45-9039-CC0F4B837659}"
EndProject
Project("{8BC9CEB8-8B4A-11D0-8D11-00A0C91BC942}") = "Net_5-3_TCPServer_CloseOnTransfer", "Net_5-3_TCPServer_CloseOnTransfer\Net_5-3_TCPServer_CloseOnTransfer.vcxproj", "{8427596C-BDC0-4FD0-9FAA-E40FFE3E63EC}"
EndProject
Project("{8BC9CEB8-8B4A-11D0-8D11-00A0C91BC942}") = "Net_5-3_TCPClient_CloseOnTransfer", "Net_5-3_TCPClient_CloseOnTransfer\Net_5-3_TCPClient_CloseOnTransfer.vcxproj", "{0ADD1575-3B44-417C-B520-EA72C28AC8EE}"
EndProject
Project("{8BC9CEB8-8B4A-11D0-8D11-00A0C91BC942}") = "Net_6-5_ExCriticalSection", "Net_6-5_ExCriticalSection\Net_6-5_ExCriticalSection.vcxproj", "{24B7D66D-6DA5-436C-AF77-4125CE33D5CD}"
EndProject
Project("{8BC9CEB8-8B4A-11D0-8D11-00A0C91BC942}") = "Net_9-2_GUITCPServer", "Project1\Project1.vcxproj", "{4AFEEB72-7A0B-4200-AEF9-656F4A42E83B}"
EndProject
Global
	GlobalSection(SolutionConfigurationPlatforms) = preSolution
		Debug|x64 = Debug|x64
		Debug|x86 = Debug|x86
		Release|x64 = Release|x64
		Release|x86 = Release|x86
	EndGlobalSection
	GlobalSection(ProjectConfigurationPlatforms) = postSolution
		{D12365B0-684A-4C33-8C93-C1060EA878E4}.Debug|x64.ActiveCfg = Debug|x64
		{D12365B0-684A-4C33-8C93-C1060EA878E4}.Debug|x64.Build.0 = Debug|x64
		{D12365B0-684A-4C33-8C93-C1060EA878E4}.Debug|x86.ActiveCfg = Debug|Win32
		{D12365B0-684A-4C33-8C93-C1060EA878E4}.Debug|x86.Build.0 = Debug|Win32
		{D12365B0-684A-4C33-8C93-C1060EA878E4}.Release|x64.ActiveCfg = Release|x64
		{D12365B0-684A-4C33-8C93-C1060EA878E4}.Release|x64.Build.0 = Release|x64
		{D12365B0-684A-4C33-8C93-C1060EA878E4}.Release|x86.ActiveCfg = Release|Win32
		{D12365B0-684A-4C33-8C93-C1060EA878E4}.Release|x86.Build.0 = Release|Win32
		{C46CA00C-1160-43D3-B016-BF5C90E7E346}.Debug|x64.ActiveCfg = Debug|x64
		{C46CA00C-1160-43D3-B016-BF5C90E7E346}.Debug|x64.Build.0 = Debug|x64
		{C46CA00C-1160-43D3-B016-BF5C90E7E346}.Debug|x86.ActiveCfg = Debug|Win32
		{C46CA00C-1160-43D3-B016-BF5C90E7E346}.Debug|x86.Build.0 = Debug|Win32
		{C46CA00C-1160-43D3-B016-BF5C90E7E346}.Release|x64.ActiveCfg = Release|x64
		{C46CA00C-1160-43D3-B016-BF5C90E7E346}.Release|x64.Build.0 = Release|x64
		{C46CA00C-1160-43D3-B016-BF5C90E7E346}.Release|x86.ActiveCfg = Release|Win32
		{C46CA00C-1160-43D3-B016-BF5C90E7E346}.Release|x86.Build.0 = Release|Win32
		{D77BFF23-5B42-44C1-BF5B-BE70D410141D}.Debug|x64.ActiveCfg = Debug|x64
		{D77BFF23-5B42-44C1-BF5B-BE70D410141D}.Debug|x64.Build.0 = Debug|x64
		{D77BFF23-5B42-44C1-BF5B-BE70D410141D}.Debug|x86.ActiveCfg = Debug|Win32
		{D77BFF23-5B42-44C1-BF5B-BE70D410141D}.Debug|x86.Build.0 = Debug|Win32
		{D77BFF23-5B42-44C1-BF5B-BE70D410141D}.Release|x64.ActiveCfg = Release|x64
		{D77BFF23-5B42-44C1-BF5B-BE70D410141D}.Release|x64.Build.0 = Release|x64
		{D77BFF23-5B42-44C1-BF5B-BE70D410141D}.Release|x86.ActiveCfg = Release|Win32
		{D77BFF23-5B42-44C1-BF5B-BE70D410141D}.Release|x86.Build.0 = Release|Win32
		{72140579-45ED-4F6A-AE7C-5C7D19C59693}.Debug|x64.ActiveCfg = Debug|x64
		{72140579-45ED-4F6A-AE7C-5C7D19C59693}.Debug|x64.Build.0 = Debug|x64
		{72140579-45ED-4F6A-AE7C-5C7D19C59693}.Debug|x86.ActiveCfg = Debug|Win32
		{72140579-45ED-4F6A-AE7C-5C7D19C59693}.Debug|x86.Build.0 = Debug|Win32
		{72140579-45ED-4F6A-AE7C-5C7D19C59693}.Release|x64.ActiveCfg = Release|x64
		{72140579-45ED-4F6A-AE7C-5C7D19C59693}.Release|x64.Build.0 = Release|x64
		{72140579-45ED-4F6A-AE7C-5C7D19C59693}.Release|x86.ActiveCfg = Release|Win32
		{72140579-45ED-4F6A-AE7C-5C7D19C59693}.Release|x86.Build.0 = Release|Win32
		{3AFE909C-800C-46A6-B517-9C150F3BE874}.Debug|x64.ActiveCfg = Debug|x64
		{3AFE909C-800C-46A6-B517-9C150F3BE874}.Debug|x64.Build.0 = Debug|x64
		{3AFE909C-800C-46A6-B517-9C150F3BE874}.Debug|x86.ActiveCfg = Debug|Win32
		{3AFE909C-800C-46A6-B517-9C150F3BE874}.Debug|x86.Build.0 = Debug|Win32
		{3AFE909C-800C-46A6-B517-9C150F3BE874}.Release|x64.ActiveCfg = Release|x64
		{3AFE909C-800C-46A6-B517-9C150F3BE874}.Release|x64.Build.0 = Release|x64
		{3AFE909C-800C-46A6-B517-9C150F3BE874}.Release|x86.ActiveCfg = Release|Win32
		{3AFE909C-800C-46A6-B517-9C150F3BE874}.Release|x86.Build.0 = Release|Win32
		{84815EF4-5F42-44D5-BCD2-F10D3B0D6254}.Debug|x64.ActiveCfg = Debug|x64
		{84815EF4-5F42-44D5-BCD2-F10D3B0D6254}.Debug|x64.Build.0 = Debug|x64
		{84815EF4-5F42-44D5-BCD2-F10D3B0D6254}.Debug|x86.ActiveCfg = Debug|Win32
		{84815EF4-5F42-44D5-BCD2-F10D3B0D6254}.Debug|x86.Build.0 = Debug|Win32
		{84815EF4-5F42-44D5-BCD2-F10D3B0D6254}.Release|x64.ActiveCfg = Release|x64
		{84815EF4-5F42-44D5-BCD2-F10D3B0D6254}.Release|x64.Build.0 = Release|x64
		{84815EF4-5F42-44D5-BCD2-F10D3B0D6254}.Release|x86.ActiveCfg = Release|Win32
		{84815EF4-5F42-44D5-BCD2-F10D3B0D6254}.Release|x86.Build.0 = Release|Win32
		{B2DC05DE-89AD-4C7D-B8D4-92FB20F2C60D}.Debug|x64.ActiveCfg = Debug|x64
		{B2DC05DE-89AD-4C7D-B8D4-92FB20F2C60D}.Debug|x64.Build.0 = Debug|x64
		{B2DC05DE-89AD-4C7D-B8D4-92FB20F2C60D}.Debug|x86.ActiveCfg = Debug|Win32
		{B2DC05DE-89AD-4C7D-B8D4-92FB20F2C60D}.Debug|x86.Build.0 = Debug|Win32
		{B2DC05DE-89AD-4C7D-B8D4-92FB20F2C60D}.Release|x64.ActiveCfg = Release|x64
		{B2DC05DE-89AD-4C7D-B8D4-92FB20F2C60D}.Release|x64.Build.0 = Release|x64
		{B2DC05DE-89AD-4C7D-B8D4-92FB20F2C60D}.Release|x86.ActiveCfg = Release|Win32
		{B2DC05DE-89AD-4C7D-B8D4-92FB20F2C60D}.Release|x86.Build.0 = Release|Win32
		{2AB96282-6D64-4E77-A1AA-99D2033CA860}.Debug|x64.ActiveCfg = Debug|x64
		{2AB96282-6D64-4E77-A1AA-99D2033CA860}.Debug|x64.Build.0 = Debug|x64
		{2AB96282-6D64-4E77-A1AA-99D2033CA860}.Debug|x86.ActiveCfg = Debug|Win32
		{2AB96282-6D64-4E77-A1AA-99D2033CA860}.Debug|x86.Build.0 = Debug|Win32
		{2AB96282-6D64-4E77-A1AA-99D2033CA860}.Release|x64.ActiveCfg = Release|x64
		{2AB96282-6D64-4E77-A1AA-99D2033CA860}.Release|x64.Build.0 = Release|x64
		{2AB96282-6D64-4E77-A1AA-99D2033CA860}.Release|x86.ActiveCfg = Release|Win32
		{2AB96282-6D64-4E77-A1AA-99D2033CA860}.Release|x86.Build.0 = Release|Win32
		{EAAC0AB2-DA9B-49A1-B1E1-F0D4B4947C97}.Debug|x64.ActiveCfg = Debug|x64
		{EAAC0AB2-DA9B-49A1-B1E1-F0D4B4947C97}.Debug|x64.Build.0 = Debug|x64
		{EAAC0AB2-DA9B-49A1-B1E1-F0D4B4947C97}.Debug|x86.ActiveCfg = Debug|Win32
		{EAAC0AB2-DA9B-49A1-B1E1-F0D4B4947C97}.Debug|x86.Build.0 = Debug|Win32
		{EAAC0AB2-DA9B-49A1-B1E1-F0D4B4947C97}.Release|x64.ActiveCfg = Release|x64
		{EAAC0AB2-DA9B-49A1-B1E1-F0D4B4947C97}.Release|x64.Build.0 = Release|x64
		{EAAC0AB2-DA9B-49A1-B1E1-F0D4B4947C97}.Release|x86.ActiveCfg = Release|Win32
		{EAAC0AB2-DA9B-49A1-B1E1-F0D4B4947C97}.Release|x86.Build.0 = Release|Win32
		{0CC17287-FC1E-4668-8413-475631E962B1}.Debug|x64.ActiveCfg = Debug|x64
		{0CC17287-FC1E-4668-8413-475631E962B1}.Debug|x64.Build.0 = Debug|x64
		{0CC17287-FC1E-4668-8413-475631E962B1}.Debug|x86.ActiveCfg = Debug|Win32
		{0CC17287-FC1E-4668-8413-475631E962B1}.Debug|x86.Build.0 = Debug|Win32
		{0CC17287-FC1E-4668-8413-475631E962B1}.Release|x64.ActiveCfg = Release|x64
		{0CC17287-FC1E-4668-8413-475631E962B1}.Release|x64.Build.0 = Release|x64
		{0CC17287-FC1E-4668-8413-475631E962B1}.Release|x86.ActiveCfg = Release|Win32
		{0CC17287-FC1E-4668-8413-475631E962B1}.Release|x86.Build.0 = Release|Win32
		{9B0491ED-59E2-4A0D-8707-5587866589EC}.Debug|x64.ActiveCfg = Debug|x64
		{9B0491ED-59E2-4A0D-8707-5587866589EC}.Debug|x64.Build.0 = Debug|x64
		{9B0491ED-59E2-4A0D-8707-5587866589EC}.Debug|x86.ActiveCfg = Debug|Win32
		{9B0491ED-59E2-4A0D-8707-5587866589EC}.Debug|x86.Build.0 = Debug|Win32
		{9B0491ED-59E2-4A0D-8707-5587866589EC}.Release|x64.ActiveCfg = Release|x64
		{9B0491ED-59E2-4A0D-8707-5587866589EC}.Release|x64.Build.0 = Release|x64
		{9B0491ED-59E2-4A0D-8707-5587866589EC}.Release|x86.ActiveCfg = Release|Win32
		{9B0491ED-59E2-4A0D-8707-5587866589EC}.Release|x86.Build.0 = Release|Win32
		{ED153CC9-56CF-410A-8B58-3DDC57CA3C95}.Debug|x64.ActiveCfg = Debug|x64
		{ED153CC9-56CF-410A-8B58-3DDC57CA3C95}.Debug|x64.Build.0 = Debug|x64
		{ED153CC9-56CF-410A-8B58-3DDC57CA3C95}.Debug|x86.ActiveCfg = Debug|Win32
		{ED153CC9-56CF-410A-8B58-3DDC57CA3C95}.Debug|x86.Build.0 = Debug|Win32
		{ED153CC9-56CF-410A-8B58-3DDC57CA3C95}.Release|x64.ActiveCfg = Release|x64
		{ED153CC9-56CF-410A-8B58-3DDC57CA3C95}.Release|x64.Build.0 = Release|x64
		{ED153CC9-56CF-410A-8B58-3DDC57CA3C95}.Release|x86.ActiveCfg = Release|Win32
		{ED153CC9-56CF-410A-8B58-3DDC57CA3C95}.Release|x86.Build.0 = Release|Win32
		{B9ED2822-DA5B-432B-AE16-8F8E51B6A697}.Debug|x64.ActiveCfg = Debug|x64
		{B9ED2822-DA5B-432B-AE16-8F8E51B6A697}.Debug|x64.Build.0 = Debug|x64
		{B9ED2822-DA5B-432B-AE16-8F8E51B6A697}.Debug|x86.ActiveCfg = Debug|Win32
		{B9ED2822-DA5B-432B-AE16-8F8E51B6A697}.Debug|x86.Build.0 = Debug|Win32
		{B9ED2822-DA5B-432B-AE16-8F8E51B6A697}.Release|x64.ActiveCfg = Release|x64
		{B9ED2822-DA5B-432B-AE16-8F8E51B6A697}.Release|x64.Build.0 = Release|x64
		{B9ED2822-DA5B-432B-AE16-8F8E51B6A697}.Release|x86.ActiveCfg = Release|Win32
		{B9ED2822-DA5B-432B-AE16-8F8E51B6A697}.Release|x86.Build.0 = Release|Win32
		{81BA36A4-CCBE-4C11-8394-9BB196A89735}.Debug|x64.ActiveCfg = Debug|x64
		{81BA36A4-CCBE-4C11-8394-9BB196A89735}.Debug|x64.Build.0 = Debug|x64
		{81BA36A4-CCBE-4C11-8394-9BB196A89735}.Debug|x86.ActiveCfg = Debug|Win32
		{81BA36A4-CCBE-4C11-8394-9BB196A89735}.Debug|x86.Build.0 = Debug|Win32
		{81BA36A4-CCBE-4C11-8394-9BB196A89735}.Release|x64.ActiveCfg = Release|x64
		{81BA36A4-CCBE-4C11-8394-9BB196A89735}.Release|x64.Build.0 = Release|x64
		{81BA36A4-CCBE-4C11-8394-9BB196A89735}.Release|x86.ActiveCfg = Release|Win32
		{81BA36A4-CCBE-4C11-8394-9BB196A89735}.Release|x86.Build.0 = Release|Win32
		{F7F429D4-6C55-4616-9948-B143B8B7A627}.Debug|x64.ActiveCfg = Debug|x64
		{F7F429D4-6C55-4616-9948-B143B8B7A627}.Debug|x64.Build.0 = Debug|x64
		{F7F429D4-6C55-4616-9948-B143B8B7A627}.Debug|x86.ActiveCfg = Debug|Win32
		{F7F429D4-6C55-4616-9948-B143B8B7A627}.Debug|x86.Build.0 = Debug|Win32
		{F7F429D4-6C55-4616-9948-B143B8B7A627}.Release|x64.ActiveCfg = Release|x64
		{F7F429D4-6C55-4616-9948-B143B8B7A627}.Release|x64.Build.0 = Release|x64
		{F7F429D4-6C55-4616-9948-B143B8B7A627}.Release|x86.ActiveCfg = Release|Win32
		{F7F429D4-6C55-4616-9948-B143B8B7A627}.Release|x86.Build.0 = Release|Win32
		{86D33926-E34C-4C3C-9FE1-541D42C0BA2B}.Debug|x64.ActiveCfg = Debug|x64
		{86D33926-E34C-4C3C-9FE1-541D42C0BA2B}.Debug|x64.Build.0 = Debug|x64
		{86D33926-E34C-4C3C-9FE1-541D42C0BA2B}.Debug|x86.ActiveCfg = Debug|Win32
		{86D33926-E34C-4C3C-9FE1-541D42C0BA2B}.Debug|x86.Build.0 = Debug|Win32
		{86D33926-E34C-4C3C-9FE1-541D42C0BA2B}.Release|x64.ActiveCfg = Release|x64
		{86D33926-E34C-4C3C-9FE1-541D42C0BA2B}.Release|x64.Build.0 = Release|x64
		{86D33926-E34C-4C3C-9FE1-541D42C0BA2B}.Release|x86.ActiveCfg = Release|Win32
		{86D33926-E34C-4C3C-9FE1-541D42C0BA2B}.Release|x86.Build.0 = Release|Win32
		{97BB7890-9227-4FD7-B7E8-70E7FFECC81D}.Debug|x64.ActiveCfg = Debug|x64
		{97BB7890-9227-4FD7-B7E8-70E7FFECC81D}.Debug|x64.Build.0 = Debug|x64
		{97BB7890-9227-4FD7-B7E8-70E7FFECC81D}.Debug|x86.ActiveCfg = Debug|Win32
		{97BB7890-9227-4FD7-B7E8-70E7FFECC81D}.Debug|x86.Build.0 = Debug|Win32
		{97BB7890-9227-4FD7-B7E8-70E7FFECC81D}.Release|x64.ActiveCfg = Release|x64
		{97BB7890-9227-4FD7-B7E8-70E7FFECC81D}.Release|x64.Build.0 = Release|x64
		{97BB7890-9227-4FD7-B7E8-70E7FFECC81D}.Release|x86.ActiveCfg = Release|Win32
		{97BB7890-9227-4FD7-B7E8-70E7FFECC81D}.Release|x86.Build.0 = Release|Win32
		{4C9001A7-2742-4B27-8777-7095EBEF6F09}.Debug|x64.ActiveCfg = Debug|x64
		{4C9001A7-2742-4B27-8777-7095EBEF6F09}.Debug|x64.Build.0 = Debug|x64
		{4C9001A7-2742-4B27-8777-7095EBEF6F09}.Debug|x86.ActiveCfg = Debug|Win32
		{4C9001A7-2742-4B27-8777-7095EBEF6F09}.Debug|x86.Build.0 = Debug|Win32
		{4C9001A7-2742-4B27-8777-7095EBEF6F09}.Release|x64.ActiveCfg = Release|x64
		{4C9001A7-2742-4B27-8777-7095EBEF6F09}.Release|x64.Build.0 = Release|x64
		{4C9001A7-2742-4B27-8777-7095EBEF6F09}.Release|x86.ActiveCfg = Release|Win32
		{4C9001A7-2742-4B27-8777-7095EBEF6F09}.Release|x86.Build.0 = Release|Win32
		{1CCFD144-3B65-40F0-AA95-89D751890288}.Debug|x64.ActiveCfg = Debug|x64
		{1CCFD144-3B65-40F0-AA95-89D751890288}.Debug|x64.Build.0 = Debug|x64
		{1CCFD144-3B65-40F0-AA95-89D751890288}.Debug|x86.ActiveCfg = Debug|Win32
		{1CCFD144-3B65-40F0-AA95-89D751890288}.Debug|x86.Build.0 = Debug|Win32
		{1CCFD144-3B65-40F0-AA95-89D751890288}.Release|x64.ActiveCfg = Release|x64
		{1CCFD144-3B65-40F0-AA95-89D751890288}.Release|x64.Build.0 = Release|x64
		{1CCFD144-3B65-40F0-AA95-89D751890288}.Release|x86.ActiveCfg = Release|Win32
		{1CCFD144-3B65-40F0-AA95-89D751890288}.Release|x86.Build.0 = Release|Win32
		{8BFE8AA8-4BEB-4CD3-B673-398A5C5EEE22}.Debug|x64.ActiveCfg = Debug|x64
		{8BFE8AA8-4BEB-4CD3-B673-398A5C5EEE22}.Debug|x64.Build.0 = Debug|x64
		{8BFE8AA8-4BEB-4CD3-B673-398A5C5EEE22}.Debug|x86.ActiveCfg = Debug|Win32
		{8BFE8AA8-4BEB-4CD3-B673-398A5C5EEE22}.Debug|x86.Build.0 = Debug|Win32
		{8BFE8AA8-4BEB-4CD3-B673-398A5C5EEE22}.Release|x64.ActiveCfg = Release|x64
		{8BFE8AA8-4BEB-4CD3-B673-398A5C5EEE22}.Release|x64.Build.0 = Release|x64
		{8BFE8AA8-4BEB-4CD3-B673-398A5C5EEE22}.Release|x86.ActiveCfg = Release|Win32
		{8BFE8AA8-4BEB-4CD3-B673-398A5C5EEE22}.Release|x86.Build.0 = Release|Win32
		{B08AC1A9-8647-4E38-A375-D46DAA307399}.Debug|x64.ActiveCfg = Debug|x64
		{B08AC1A9-8647-4E38-A375-D46DAA307399}.Debug|x64.Build.0 = Debug|x64
		{B08AC1A9-8647-4E38-A375-D46DAA307399}.Debug|x86.ActiveCfg = Debug|Win32
		{B08AC1A9-8647-4E38-A375-D46DAA307399}.Debug|x86.Build.0 = Debug|Win32
		{B08AC1A9-8647-4E38-A375-D46DAA307399}.Release|x64.ActiveCfg = Release|x64
		{B08AC1A9-8647-4E38-A375-D46DAA307399}.Release|x64.Build.0 = Release|x64
		{B08AC1A9-8647-4E38-A375-D46DAA307399}.Release|x86.ActiveCfg = Release|Win32
		{B08AC1A9-8647-4E38-A375-D46DAA307399}.Release|x86.Build.0 = Release|Win32
		{D44C340A-78B6-4039-8179-551C90597331}.Debug|x64.ActiveCfg = Debug|x64
		{D44C340A-78B6-4039-8179-551C90597331}.Debug|x64.Build.0 = Debug|x64
		{D44C340A-78B6-4039-8179-551C90597331}.Debug|x86.ActiveCfg = Debug|Win32
		{D44C340A-78B6-4039-8179-551C90597331}.Debug|x86.Build.0 = Debug|Win32
		{D44C340A-78B6-4039-8179-551C90597331}.Release|x64.ActiveCfg = Release|x64
		{D44C340A-78B6-4039-8179-551C90597331}.Release|x64.Build.0 = Release|x64
		{D44C340A-78B6-4039-8179-551C90597331}.Release|x86.ActiveCfg = Release|Win32
		{D44C340A-78B6-4039-8179-551C90597331}.Release|x86.Build.0 = Release|Win32
		{FCD8412A-F8AE-48F5-B15A-68DDFD4C712D}.Debug|x64.ActiveCfg = Debug|x64
		{FCD8412A-F8AE-48F5-B15A-68DDFD4C712D}.Debug|x64.Build.0 = Debug|x64
		{FCD8412A-F8AE-48F5-B15A-68DDFD4C712D}.Debug|x86.ActiveCfg = Debug|Win32
		{FCD8412A-F8AE-48F5-B15A-68DDFD4C712D}.Debug|x86.Build.0 = Debug|Win32
		{FCD8412A-F8AE-48F5-B15A-68DDFD4C712D}.Release|x64.ActiveCfg = Release|x64
		{FCD8412A-F8AE-48F5-B15A-68DDFD4C712D}.Release|x64.Build.0 = Release|x64
		{FCD8412A-F8AE-48F5-B15A-68DDFD4C712D}.Release|x86.ActiveCfg = Release|Win32
		{FCD8412A-F8AE-48F5-B15A-68DDFD4C712D}.Release|x86.Build.0 = Release|Win32
		{C84EC35E-B725-4B45-9039-CC0F4B837659}.Debug|x64.ActiveCfg = Debug|x64
		{C84EC35E-B725-4B45-9039-CC0F4B837659}.Debug|x64.Build.0 = Debug|x64
		{C84EC35E-B725-4B45-9039-CC0F4B837659}.Debug|x86.ActiveCfg = Debug|Win32
		{C84EC35E-B725-4B45-9039-CC0F4B837659}.Debug|x86.Build.0 = Debug|Win32
		{C84EC35E-B725-4B45-9039-CC0F4B837659}.Release|x64.ActiveCfg = Release|x64
		{C84EC35E-B725-4B45-9039-CC0F4B837659}.Release|x64.Build.0 = Release|x64
		{C84EC35E-B725-4B45-9039-CC0F4B837659}.Release|x86.ActiveCfg = Release|Win32
		{C84EC35E-B725-4B45-9039-CC0F4B837659}.Release|x86.Build.0 = Release|Win32
		{8427596C-BDC0-4FD0-9FAA-E40FFE3E63EC}.Debug|x64.ActiveCfg = Debug|x64
		{8427596C-BDC0-4FD0-9FAA-E40FFE3E63EC}.Debug|x64.Build.0 = Debug|x64
		{8427596C-BDC0-4FD0-9FAA-E40FFE3E63EC}.Debug|x86.ActiveCfg = Debug|Win32
		{8427596C-BDC0-4FD0-9FAA-E40FFE3E63EC}.Debug|x86.Build.0 = Debug|Win32
		{8427596C-BDC0-4FD0-9FAA-E40FFE3E63EC}.Release|x64.ActiveCfg = Release|x64
		{8427596C-BDC0-4FD0-9FAA-E40FFE3E63EC}.Release|x64.Build.0 = Release|x64
		{8427596C-BDC0-4FD0-9FAA-E40FFE3E63EC}.Release|x86.ActiveCfg = Release|Win32
		{8427596C-BDC0-4FD0-9FAA-E40FFE3E63EC}.Release|x86.Build.0 = Release|Win32
		{0ADD1575-3B44-417C-B520-EA72C28AC8EE}.Debug|x64.ActiveCfg = Debug|x64
		{0ADD1575-3B44-417C-B520-EA72C28AC8EE}.Debug|x64.Build.0 = Debug|x64
		{0ADD1575-3B44-417C-B520-EA72C28AC8EE}.Debug|x86.ActiveCfg = Debug|Win32
		{0ADD1575-3B44-417C-B520-EA72C28AC8EE}.Debug|x86.Build.0 = Debug|Win32
		{0ADD1575-3B44-417C-B520-EA72C28AC8EE}.Release|x64.ActiveCfg = Release|x64
		{0ADD1575-3B44-417C-B520-EA72C28AC8EE}.Release|x64.Build.0 = Release|x64
		{0ADD1575-3B44-417C-B520-EA72C28AC8EE}.Release|x86.ActiveCfg = Release|Win32
		{0ADD1575-3B44-417C-B520-EA72C28AC8EE}.Release|x86.Build.0 = Release|Win32
		{24B7D66D-6DA5-436C-AF77-4125CE33D5CD}.Debug|x64.ActiveCfg = Debug|x64
		{24B7D66D-6DA5-436C-AF77-4125CE33D5CD}.Debug|x64.Build.0 = Debug|x64
		{24B7D66D-6DA5-436C-AF77-4125CE33D5CD}.Debug|x86.ActiveCfg = Debug|Win32
		{24B7D66D-6DA5-436C-AF77-4125CE33D5CD}.Debug|x86.Build.0 = Debug|Win32
		{24B7D66D-6DA5-436C-AF77-4125CE33D5CD}.Release|x64.ActiveCfg = Release|x64
		{24B7D66D-6DA5-436C-AF77-4125CE33D5CD}.Release|x64.Build.0 = Release|x64
		{24B7D66D-6DA5-436C-AF77-4125CE33D5CD}.Release|x86.ActiveCfg = Release|Win32
		{24B7D66D-6DA5-436C-AF77-4125CE33D5CD}.Release|x86.Build.0 = Release|Win32
		{4AFEEB72-7A0B-4200-AEF9-656F4A42E83B}.Debug|x64.ActiveCfg = Debug|x64
		{4AFEEB72-7A0B-4200-AEF9-656F4A42E83B}.Debug|x64.Build.0 = Debug|x64
		{4AFEEB72-7A0B-4200-AEF9-656F4A42E83B}.Debug|x86.ActiveCfg = Debug|Win32
		{4AFEEB72-7A0B-4200-AEF9-656F4A42E83B}.Debug|x86.Build.0 = Debug|Win32
		{4AFEEB72-7A0B-4200-AEF9-656F4A42E83B}.Release|x64.ActiveCfg = Release|x64
		{4AFEEB72-7A0B-4200-AEF9-656F4A42E83B}.Release|x64.Build.0 = Release|x64
		{4AFEEB72-7A0B-4200-AEF9-656F4A42E83B}.Release|x86.ActiveCfg = Release|Win32
		{4AFEEB72-7A0B-4200-AEF9-656F4A42E83B}.Release|x86.Build.0 = Release|Win32
	EndGlobalSection
	GlobalSection(SolutionProperties) = preSolution
		HideSolutionNode = FALSE
	EndGlobalSection
	GlobalSection(ExtensibilityGlobals) = postSolution
		SolutionGuid = {3ACC1B26-ABFF-4553-83DB-65A41B407E19}
	EndGlobalSection
EndGlobal
